
Microsoft Visual Studio Solution File, Format Version 12.00
# Visual Studio Version 17
VisualStudioVersion = 17.7.34221.43
MinimumVisualStudioVersion = 10.0.40219.1
Project("{FAE04EC0-301F-11D3-BF4B-00C04F79EFBC}") = "Hopeless", "Hopeless\Hopeless.csproj", "{6EDBB9AA-D008-4BAE-BB1B-C7251E9EACD1}"
EndProject
Global
	GlobalSection(SolutionConfigurationPlatforms) = preSolution
		Debug|Any CPU = Debug|Any CPU
		Release|Any CPU = Release|Any CPU
	EndGlobalSection
	GlobalSection(ProjectConfigurationPlatforms) = postSolution
		{6EDBB9AA-D008-4BAE-BB1B-C7251E9EACD1}.Debug|Any CPU.ActiveCfg = Debug|Any CPU
		{6EDBB9AA-D008-4BAE-BB1B-C7251E9EACD1}.Debug|Any CPU.Build.0 = Debug|Any CPU
		{6EDBB9AA-D008-4BAE-BB1B-C7251E9EACD1}.Release|Any CPU.ActiveCfg = Release|Any CPU
		{6EDBB9AA-D008-4BAE-BB1B-C7251E9EACD1}.Release|Any CPU.Build.0 = Release|Any CPU
	EndGlobalSection
	GlobalSection(SolutionProperties) = preSolution
		HideSolutionNode = FALSE
	EndGlobalSection
	GlobalSection(ExtensibilityGlobals) = postSolution
		SolutionGuid = {86087493-8BFB-4000-904E-E8F9752F1D95}
	EndGlobalSection
EndGlobal
